
Microsoft Visual Studio Solution File, Format Version 12.00
# Visual Studio Version 17
VisualStudioVersion = 17.3.32901.215
MinimumVisualStudioVersion = 10.0.40219.1
Project("{9A19103F-16F7-4668-BE54-9A1E7A4F7556}") = "SL2Bonfire", "SL2Bonfire\SL2Bonfire.csproj", "{E4423F37-B79B-40C3-8960-480DF8E14A93}"
	ProjectSection(ProjectDependencies) = postProject
		{34ADD6AD-5AB4-4C73-A0D7-6158A0E21AA2} = {34ADD6AD-5AB4-4C73-A0D7-6158A0E21AA2}
	EndProjectSection
EndProject
Project("{FAE04EC0-301F-11D3-BF4B-00C04F79EFBC}") = "BonfireCore", "BonfireCore\BonfireCore.csproj", "{34ADD6AD-5AB4-4C73-A0D7-6158A0E21AA2}"
EndProject
Global
	GlobalSection(SolutionConfigurationPlatforms) = preSolution
		Debug|Any CPU = Debug|Any CPU
		Release|Any CPU = Release|Any CPU
	EndGlobalSection
	GlobalSection(ProjectConfigurationPlatforms) = postSolution
		{E4423F37-B79B-40C3-8960-480DF8E14A93}.Debug|Any CPU.ActiveCfg = Debug|Any CPU
		{E4423F37-B79B-40C3-8960-480DF8E14A93}.Debug|Any CPU.Build.0 = Debug|Any CPU
		{E4423F37-B79B-40C3-8960-480DF8E14A93}.Release|Any CPU.ActiveCfg = Release|Any CPU
		{E4423F37-B79B-40C3-8960-480DF8E14A93}.Release|Any CPU.Build.0 = Release|Any CPU
		{34ADD6AD-5AB4-4C73-A0D7-6158A0E21AA2}.Debug|Any CPU.ActiveCfg = Debug|Any CPU
		{34ADD6AD-5AB4-4C73-A0D7-6158A0E21AA2}.Debug|Any CPU.Build.0 = Debug|Any CPU
		{34ADD6AD-5AB4-4C73-A0D7-6158A0E21AA2}.Release|Any CPU.ActiveCfg = Release|Any CPU
		{34ADD6AD-5AB4-4C73-A0D7-6158A0E21AA2}.Release|Any CPU.Build.0 = Release|Any CPU
	EndGlobalSection
	GlobalSection(SolutionProperties) = preSolution
		HideSolutionNode = FALSE
	EndGlobalSection
	GlobalSection(ExtensibilityGlobals) = postSolution
		SolutionGuid = {16F86CED-19EC-4884-85CB-2E7F3A5E3EDD}
	EndGlobalSection
EndGlobal
